{
  "name": "alol-evotor",
  "version": "0.0.0",
  "lockfileVersion": 1,
  "requires": true,
  "dependencies": {
    "@angular/cli": {
      "version": "1.2.0",
      "resolved": "https://registry.npmjs.org/@angular/cli/-/cli-1.2.0.tgz",
      "integrity": "sha1-39i4mD7DfCttf5AurWA5bXtXFZc=",
      "dev": true,
      "dependencies": {
        "zone.js": {
          "version": "0.8.12",
          "resolved": "https://registry.npmjs.org/zone.js/-/zone.js-0.8.12.tgz",
          "integrity": "sha1-hv9QU8mK7CkaC/S7rFAdaUoFz7s="
        }
      }
    },
    "@angular/common": {
      "version": "2.4.0",
      "resolved": "https://registry.npmjs.org/@angular/common/-/common-2.4.0.tgz",
      "integrity": "sha1-itzAC9+H996KZI7wygSOuTe/NC8="
    },
    "@angular/compiler": {
      "version": "2.4.0",
      "resolved": "https://registry.npmjs.org/@angular/compiler/-/compiler-2.4.0.tgz",
      "integrity": "sha1-J1+gpH/y8eS66eoFO5S7zfje6Kw="
    },
    "@angular/compiler-cli": {
      "version": "2.4.0",
      "resolved": "https://registry.npmjs.org/@angular/compiler-cli/-/compiler-cli-2.4.0.tgz",
      "integrity": "sha1-MmK5QfRhf3yJlV+1TNaP+coKllA=",
      "dev": true,
      "dependencies": {
        "@angular/tsc-wrapped": {
          "version": "0.5.0",
          "resolved": "https://registry.npmjs.org/@angular/tsc-wrapped/-/tsc-wrapped-0.5.0.tgz",
          "integrity": "sha1-5Q+BrwLGgX3KuiIDLkm6gGDWKLQ="
        },
        "minimist": {
          "version": "1.2.0",
          "resolved": "https://registry.npmjs.org/minimist/-/minimist-1.2.0.tgz",
          "integrity": "sha1-o1AIsg9BOD7sH7kU9M1d95omQoQ="
        }
      }
    },
    "@angular/core": {
      "version": "2.4.0",
      "resolved": "https://registry.npmjs.org/@angular/core/-/core-2.4.0.tgz",
      "integrity": "sha1-faaMhcby125cOR2u/T7t9UUwW7U="
    },
    "@angular/flex-layout": {
      "version": "2.0.0-beta.7",
      "resolved": "https://registry.npmjs.org/@angular/flex-layout/-/flex-layout-2.0.0-beta.7.tgz",
      "integrity": "sha1-qBkSQ79wUVztWfXYm57W7kcPtkU="
    },
    "@angular/forms": {
      "version": "2.4.0",
      "resolved": "https://registry.npmjs.org/@angular/forms/-/forms-2.4.0.tgz",
      "integrity": "sha1-0NryYdAJJ6PAk1XOIfjmwRglPMM="
    },
    "@angular/http": {
      "version": "2.4.0",
      "resolved": "https://registry.npmjs.org/@angular/http/-/http-2.4.0.tgz",
      "integrity": "sha1-IQg8Yx+VtzqeRy10Fw39cDlb6R8="
    },
    "@angular/material": {
      "version": "2.0.0-beta.1",
      "resolved": "https://registry.npmjs.org/@angular/material/-/material-2.0.0-beta.1.tgz",
      "integrity": "sha1-EGoLefsrSKdgagaCxOXQu+AzZKA="
    },
    "@angular/platform-browser": {
      "version": "2.4.0",
      "resolved": "https://registry.npmjs.org/@angular/platform-browser/-/platform-browser-2.4.0.tgz",
      "integrity": "sha1-xmKg/v7FD/GLj/rOk2huImcDdxQ="
    },
    "@angular/platform-browser-dynamic": {
      "version": "2.4.0",
      "resolved": "https://registry.npmjs.org/@angular/platform-browser-dynamic/-/platform-browser-dynamic-2.4.0.tgz",
      "integrity": "sha1-VjSK4ataQ4JEL+LFQ2Jix426SNw="
    },
    "@angular/router": {
      "version": "3.4.0",
      "resolved": "https://registry.npmjs.org/@angular/router/-/router-3.4.0.tgz",
      "integrity": "sha1-E0NGYxwRomnXXM49qfDvCz0LlbQ="
    },
    "@types/hammerjs": {
      "version": "2.0.34",
      "resolved": "https://registry.npmjs.org/@types/hammerjs/-/hammerjs-2.0.34.tgz",
      "integrity": "sha1-nLrE9BywOUNhQXheG+ULOrEKBKk="
    },
    "@types/jasmine": {
      "version": "2.5.38",
      "resolved": "https://registry.npmjs.org/@types/jasmine/-/jasmine-2.5.38.tgz",
      "integrity": "sha1-pDeRJMSSHU4h3lTsdGacnps1Zxc=",
      "dev": true
    },
    "@types/lodash": {
      "version": "4.14.50",
      "resolved": "https://registry.npmjs.org/@types/lodash/-/lodash-4.14.50.tgz",
      "integrity": "sha1-IifaTWX6/iSbzNWce5OW4nZ0yPc="
    },
    "@types/node": {
      "version": "6.0.73",
      "resolved": "https://registry.npmjs.org/@types/node/-/node-6.0.73.tgz",
      "integrity": "sha1-hdxLtvElN3x13dJRmh7rY/Ck7XA="
    },
    "angular2-text-mask": {
      "version": "4.1.0",
      "resolved": "https://registry.npmjs.org/angular2-text-mask/-/angular2-text-mask-4.1.0.tgz",
      "integrity": "sha1-8kywndknIABfSTyI4NLyMsEvnKg="
    },
    "classlist.js": {
      "version": "1.1.20150312",
      "resolved": "https://registry.npmjs.org/classlist.js/-/classlist.js-1.1.20150312.tgz",
      "integrity": "sha1-HXCEL3Ai8I2awIbOaeWyUPLFd4k="
    },
    "codelyzer": {
      "version": "2.0.1",
      "resolved": "https://registry.npmjs.org/codelyzer/-/codelyzer-2.0.1.tgz",
      "integrity": "sha1-0PcSH2eoQkyS0h07MfNkC4Pe+e0=",
      "dev": true
    },
    "core-js": {
      "version": "2.4.1",
      "resolved": "https://registry.npmjs.org/core-js/-/core-js-2.4.1.tgz",
      "integrity": "sha1-TekR5mew6ukSTjQlS1OupvxhjT4="
    },
    "hammerjs": {
      "version": "2.0.8",
      "resolved": "https://registry.npmjs.org/hammerjs/-/hammerjs-2.0.8.tgz",
      "integrity": "sha1-BO93hiz/K7edMPdpIJWTAiK/YPE="
    },
    "intl": {
      "version": "1.2.5",
      "resolved": "https://registry.npmjs.org/intl/-/intl-1.2.5.tgz",
      "integrity": "sha1-giRKIZDE5Bn4Nx9ao02qNCDiq94="
    },
    "jasmine-core": {
      "version": "2.5.2",
      "resolved": "https://registry.npmjs.org/jasmine-core/-/jasmine-core-2.5.2.tgz",
      "integrity": "sha1-b2G9eQYeJ/Q+b5NV5Es8bKtv8pc=",
      "dev": true
    },
    "jasmine-spec-reporter": {
      "version": "2.5.0",
      "resolved": "https://registry.npmjs.org/jasmine-spec-reporter/-/jasmine-spec-reporter-2.5.0.tgz",
      "integrity": "sha1-EuR4LmRFwN+ruN70xS7dMPY2LUI=",
      "dev": true
    },
    "karma": {
      "version": "1.2.0",
      "resolved": "https://registry.npmjs.org/karma/-/karma-1.2.0.tgz",
      "integrity": "sha1-bcqJ7CX0dT8SD4NMiTmAmAQP1j4=",
      "dev": true,
      "dependencies": {
        "lodash": {
          "version": "https://registry.npmjs.org/lodash/-/lodash-3.10.1.tgz",
          "integrity": "sha1-W/Rejkm6QYnhfUgnid/RW9FAt7Y="
        },
        "optimist": {
          "version": "0.6.1",
          "resolved": "https://registry.npmjs.org/optimist/-/optimist-0.6.1.tgz",
          "integrity": "sha1-2j6nRob6IaGaERwybpDrFaAZZoY="
        },
        "tmp": {
          "version": "https://registry.npmjs.org/tmp/-/tmp-0.0.28.tgz",
          "integrity": "sha1-Fyc1t/YU6nrzlmT6hM8N5OUV0SA="
        }
      }
    },
    "karma-chrome-launcher": {
      "version": "2.0.0",
      "resolved": "https://registry.npmjs.org/karma-chrome-launcher/-/karma-chrome-launcher-2.0.0.tgz",
      "integrity": "sha1-wnkMWjKxVXfQ//Wk1aJwOztDnCU=",
      "dev": true
    },
    "karma-cli": {
      "version": "1.0.1",
      "resolved": "https://registry.npmjs.org/karma-cli/-/karma-cli-1.0.1.tgz",
      "integrity": "sha1-rmw8WKMTodALRRZMRVubhs4X+WA=",
      "dev": true
    },
    "karma-coverage-istanbul-reporter": {
      "version": "0.2.3",
      "resolved": "https://registry.npmjs.org/karma-coverage-istanbul-reporter/-/karma-coverage-istanbul-reporter-0.2.3.tgz",
      "integrity": "sha1-EfG+nPqTdVp3usOasW4xWnEAtcU=",
      "dev": true
    },
    "karma-jasmine": {
      "version": "1.1.0",
      "resolved": "https://registry.npmjs.org/karma-jasmine/-/karma-jasmine-1.1.0.tgz",
      "integrity": "sha1-IuTAa/mhguUpTR9wXjczgRuBCs8=",
      "dev": true
    },
    "lodash": {
      "version": "4.17.4",
      "resolved": "https://registry.npmjs.org/lodash/-/lodash-4.17.4.tgz",
      "integrity": "sha1-eCA6TRwyiuHYbcpkYONptX9AVa4="
    },
    "protractor": {
      "version": "5.1.1",
      "resolved": "https://registry.npmjs.org/protractor/-/protractor-5.1.1.tgz",
      "integrity": "sha1-EMTjNlcbKIdbisw64+Th5A736YY=",
      "dev": true,
      "dependencies": {
        "optimist": {
          "version": "0.6.1",
          "resolved": "https://registry.npmjs.org/optimist/-/optimist-0.6.1.tgz",
          "integrity": "sha1-2j6nRob6IaGaERwybpDrFaAZZoY="
        },
        "q": {
          "version": "1.4.1",
          "resolved": "https://registry.npmjs.org/q/-/q-1.4.1.tgz",
          "integrity": "sha1-VXBbzZPF82c1MMLCy8DCs63cKG4="
        },
        "webdriver-manager": {
          "version": "12.0.6",
          "resolved": "https://registry.npmjs.org/webdriver-manager/-/webdriver-manager-12.0.6.tgz",
          "integrity": "sha1-PfGkgZdwELTL+MnYXHpXeCjA5ws=",
          "dependencies": {
            "minimist": {
              "version": "1.2.0",
              "resolved": "https://registry.npmjs.org/minimist/-/minimist-1.2.0.tgz",
              "integrity": "sha1-o1AIsg9BOD7sH7kU9M1d95omQoQ="
            }
          }
        }
      }
    },
    "rxjs": {
      "version": "5.2.0",
      "resolved": "https://registry.npmjs.org/rxjs/-/rxjs-5.2.0.tgz",
      "integrity": "sha1-21N96HZ8BfpzchWHop4AhTB9MYs="
    },
    "ts-helpers": {
      "version": "1.1.2",
      "resolved": "https://registry.npmjs.org/ts-helpers/-/ts-helpers-1.1.2.tgz",
      "integrity": "sha1-/Gm+nx87rtAfsaDvjUz+dIgU2DU="
    },
    "ts-node": {
      "version": "1.2.1",
      "resolved": "https://registry.npmjs.org/ts-node/-/ts-node-1.2.1.tgz",
      "integrity": "sha1-EI8eQzZuJfUiPoVJ+nxtz3gO2iM=",
      "dev": true,
      "dependencies": {
        "diff": {
          "version": "https://registry.npmjs.org/diff/-/diff-2.2.3.tgz",
          "integrity": "sha1-YOr9DSjukG5Oj/ClLBIpUhAzv5k="
        },
        "minimist": {
          "version": "1.2.0",
          "resolved": "https://registry.npmjs.org/minimist/-/minimist-1.2.0.tgz",
          "integrity": "sha1-o1AIsg9BOD7sH7kU9M1d95omQoQ="
        }
      }
    },
    "tslint": {
      "version": "4.5.1",
      "resolved": "https://registry.npmjs.org/tslint/-/tslint-4.5.1.tgz",
      "integrity": "sha1-BTVocb7yOkNJBnNABvwYgza6gks=",
      "dev": true,
      "dependencies": {
        "optimist": {
          "version": "0.6.1",
          "resolved": "https://registry.npmjs.org/optimist/-/optimist-0.6.1.tgz",
          "integrity": "sha1-2j6nRob6IaGaERwybpDrFaAZZoY="
        }
      }
    },
    "typescript": {
      "version": "2.0.10",
      "resolved": "https://registry.npmjs.org/typescript/-/typescript-2.0.10.tgz",
      "integrity": "sha1-zN1O2G/VVQpAcQGggUAS4bP6w90=",
      "dev": true
    },
    "web-animations-js": {
      "version": "2.2.2",
      "resolved": "https://registry.npmjs.org/web-animations-js/-/web-animations-js-2.2.2.tgz",
      "integrity": "sha1-fDqlOCxerecM0gaIDVajeGljBjg="
    },
    "zone.js": {
      "version": "0.7.8",
      "resolved": "https://registry.npmjs.org/zone.js/-/zone.js-0.7.8.tgz",
      "integrity": "sha1-Tz/og01EWX8mOQU6D6Q43zT//e0="
    }
  }
}
